{
  "pins" : [
    {
      "identity" : "coremlhelpers",
      "kind" : "remoteSourceControl",
      "location" : "https://github.com/rodrigoatbcl/CoreMLHelpers",
      "state" : {
        "branch" : "master",
        "revision" : "5b12b2c44332e4061a6a818cca178120c502e787"
      }
    },
    {
      "identity" : "ml-stable-diffusion",
      "kind" : "remoteSourceControl",
      "location" : "https://github.com/apple/ml-stable-diffusion",
      "state" : {
        "branch" : "main",
        "revision" : "2c4e9de73c9e723de264356f9563706ea9104212"
      }
    },
    {
      "identity" : "steward",
      "kind" : "remoteSourceControl",
      "location" : "https://github.com/imk2o/Steward.git",
      "state" : {
        "branch" : "develop",
        "revision" : "2a6427a61a8391c2621e05cb70aacce8ea04987f"
      }
    },
    {
      "identity" : "swift-argument-parser",
      "kind" : "remoteSourceControl",
      "location" : "https://github.com/apple/swift-argument-parser.git",
      "state" : {
        "revision" : "fddd1c00396eed152c45a46bea9f47b98e59301d",
        "version" : "1.2.0"
      }
    }
  ],
  "version" : 2
}
