// !$*UTF8*$!
{
	archiveVersion = 1;
	classes = {
	};
	objectVersion = 56;
	objects = {

/* Begin PBXBuildFile section */
		B1BFF27829E837B200185688 /* DiffusionPlaygroundSelectModelSheet.swift in Sources */ = {isa = PBXBuildFile; fileRef = B1BFF27729E837B200185688 /* DiffusionPlaygroundSelectModelSheet.swift */; };
		B1BFF27A29E9745F00185688 /* DiffusionModelConfiguration.swift in Sources */ = {isa = PBXBuildFile; fileRef = B1BFF27929E9745F00185688 /* DiffusionModelConfiguration.swift */; };
		B1BFF28329F0AEC600185688 /* StableDiffusion in Frameworks */ = {isa = PBXBuildFile; productRef = B1BFF28229F0AEC600185688 /* StableDiffusion */; };
		B1BFF28629F0B44200185688 /* Sketch.storyboard in Resources */ = {isa = PBXBuildFile; fileRef = B1BFF28529F0B44200185688 /* Sketch.storyboard */; };
		B1BFF28D29F0B51400185688 /* SketchPresenter.swift in Sources */ = {isa = PBXBuildFile; fileRef = B1BFF28B29F0B51400185688 /* SketchPresenter.swift */; };
		B1BFF28E29F0B51400185688 /* SketchViewController.swift in Sources */ = {isa = PBXBuildFile; fileRef = B1BFF28C29F0B51400185688 /* SketchViewController.swift */; };
		B1BFF29029F0B57E00185688 /* SketchView.swift in Sources */ = {isa = PBXBuildFile; fileRef = B1BFF28F29F0B57E00185688 /* SketchView.swift */; };
		B1BFF29229F0B5BC00185688 /* Sketch.swift in Sources */ = {isa = PBXBuildFile; fileRef = B1BFF29129F0B5BC00185688 /* Sketch.swift */; };
		B1DF267129B808740047907E /* GenerativeArtWorkbenchApp.swift in Sources */ = {isa = PBXBuildFile; fileRef = B1DF267029B808740047907E /* GenerativeArtWorkbenchApp.swift */; };
		B1DF267329B808740047907E /* ContentView.swift in Sources */ = {isa = PBXBuildFile; fileRef = B1DF267229B808740047907E /* ContentView.swift */; };
		B1DF267529B808750047907E /* Assets.xcassets in Resources */ = {isa = PBXBuildFile; fileRef = B1DF267429B808750047907E /* Assets.xcassets */; };
		B1DF267829B808750047907E /* Preview Assets.xcassets in Resources */ = {isa = PBXBuildFile; fileRef = B1DF267729B808750047907E /* Preview Assets.xcassets */; };
		B1DF267F29B8CF170047907E /* DiffusionPlaygroundView.swift in Sources */ = {isa = PBXBuildFile; fileRef = B1DF267E29B8CF170047907E /* DiffusionPlaygroundView.swift */; };
		B1DF268129BA89D40047907E /* DiffusionService.swift in Sources */ = {isa = PBXBuildFile; fileRef = B1DF268029BA89D30047907E /* DiffusionService.swift */; };
		B1DF268629BA8A530047907E /* DiffusionPlaygroundPresenter.swift in Sources */ = {isa = PBXBuildFile; fileRef = B1DF268529BA8A530047907E /* DiffusionPlaygroundPresenter.swift */; };
		B1DF268929BA8B410047907E /* Steward in Frameworks */ = {isa = PBXBuildFile; productRef = B1DF268829BA8B410047907E /* Steward */; };
		B1DF26A929C09ED10047907E /* UpscalingPlaygroundView.swift in Sources */ = {isa = PBXBuildFile; fileRef = B1DF26A829C09ED10047907E /* UpscalingPlaygroundView.swift */; };
		B1DF26AB29C09F5C0047907E /* UpscalingPlaygroundPresenter.swift in Sources */ = {isa = PBXBuildFile; fileRef = B1DF26AA29C09F5C0047907E /* UpscalingPlaygroundPresenter.swift */; };
		B1DF26AE29C0A38B0047907E /* CoreMLHelpers in Frameworks */ = {isa = PBXBuildFile; productRef = B1DF26AD29C0A38B0047907E /* CoreMLHelpers */; };
		B1DF26B229C13DF90047907E /* ImageDropDelegate.swift in Sources */ = {isa = PBXBuildFile; fileRef = B1DF26B129C13DF90047907E /* ImageDropDelegate.swift */; };
		B1DF26B529C65EDC0047907E /* UpscalingService.swift in Sources */ = {isa = PBXBuildFile; fileRef = B1DF26B429C65EDC0047907E /* UpscalingService.swift */; };
		B1DF26B829C6C4900047907E /* DiffusionModelStore.swift in Sources */ = {isa = PBXBuildFile; fileRef = B1DF26B729C6C4900047907E /* DiffusionModelStore.swift */; };
		B1DF26BB29C732C90047907E /* Dynamic in Frameworks */ = {isa = PBXBuildFile; productRef = B1DF26BA29C732C90047907E /* Dynamic */; };
		B1DF26BE29C7348E0047907E /* SystemUtilities.swift in Sources */ = {isa = PBXBuildFile; fileRef = B1DF26BD29C7348E0047907E /* SystemUtilities.swift */; };
		B1EDC45F29C8562500E595E9 /* Binging+Extension.swift in Sources */ = {isa = PBXBuildFile; fileRef = B1EDC45E29C8562500E595E9 /* Binging+Extension.swift */; };
		B1EDC46329C89C3A00E595E9 /* DiffusionHistoryStore.swift in Sources */ = {isa = PBXBuildFile; fileRef = B1EDC46229C89C3A00E595E9 /* DiffusionHistoryStore.swift */; };
		B1EDC46529C8A0ED00E595E9 /* DiffusionPlaygroundHistoryPresenter.swift in Sources */ = {isa = PBXBuildFile; fileRef = B1EDC46429C8A0ED00E595E9 /* DiffusionPlaygroundHistoryPresenter.swift */; };
		B1EDC46929CA738800E595E9 /* DiffusionModel.swift in Sources */ = {isa = PBXBuildFile; fileRef = B1EDC46829CA738800E595E9 /* DiffusionModel.swift */; };
		B1EDC46B29CA761800E595E9 /* DiffusionRequest.swift in Sources */ = {isa = PBXBuildFile; fileRef = B1EDC46A29CA761800E595E9 /* DiffusionRequest.swift */; };
		B1EDC46D29CA78F700E595E9 /* DiffusionHistory.swift in Sources */ = {isa = PBXBuildFile; fileRef = B1EDC46C29CA78F700E595E9 /* DiffusionHistory.swift */; };
		B1FB322729CD873E00364219 /* DiffusionPlaygroundHistoryView.swift in Sources */ = {isa = PBXBuildFile; fileRef = B1FB322629CD873E00364219 /* DiffusionPlaygroundHistoryView.swift */; };
		B1FB322C29CFEA6700364219 /* CoreImagePlaygroundView.swift in Sources */ = {isa = PBXBuildFile; fileRef = B1FB322B29CFEA6700364219 /* CoreImagePlaygroundView.swift */; };
		B1FB322E29CFEA7D00364219 /* CoreImagePlaygroundPresenter.swift in Sources */ = {isa = PBXBuildFile; fileRef = B1FB322D29CFEA7D00364219 /* CoreImagePlaygroundPresenter.swift */; };
		B1FB323029CFEAF000364219 /* CGImage+Extension.swift in Sources */ = {isa = PBXBuildFile; fileRef = B1FB322F29CFEAF000364219 /* CGImage+Extension.swift */; };
		B1FB323229D25C5700364219 /* FormSlider.swift in Sources */ = {isa = PBXBuildFile; fileRef = B1FB323129D25C5700364219 /* FormSlider.swift */; };
		B1FB323429D25ED600364219 /* FormImagePicker.swift in Sources */ = {isa = PBXBuildFile; fileRef = B1FB323329D25ED600364219 /* FormImagePicker.swift */; };
		B1FB323629D2669400364219 /* Vector4.swift in Sources */ = {isa = PBXBuildFile; fileRef = B1FB323529D2669400364219 /* Vector4.swift */; };
		B1FB323829D267E400364219 /* FormVectorField.swift in Sources */ = {isa = PBXBuildFile; fileRef = B1FB323729D267E400364219 /* FormVectorField.swift */; };
		B1FB323C29D475B700364219 /* NSObject+SafeKVC.m in Sources */ = {isa = PBXBuildFile; fileRef = B1FB323B29D475B700364219 /* NSObject+SafeKVC.m */; };
		B1FB323F29D47B6F00364219 /* ColorRGB.swift in Sources */ = {isa = PBXBuildFile; fileRef = B1FB323E29D47B6F00364219 /* ColorRGB.swift */; };
		B1FB324129D47EF300364219 /* FormColorPicker.swift in Sources */ = {isa = PBXBuildFile; fileRef = B1FB324029D47EF300364219 /* FormColorPicker.swift */; };
		B1FC89D329F494D4002B95A4 /* CircularProgressView.swift in Sources */ = {isa = PBXBuildFile; fileRef = B1FC89D229F494D4002B95A4 /* CircularProgressView.swift */; };
		B1FC89D729F5F8C9002B95A4 /* VisionPlaygroundView.swift in Sources */ = {isa = PBXBuildFile; fileRef = B1FC89D629F5F8C9002B95A4 /* VisionPlaygroundView.swift */; };
		B1FC89D929F5F8DA002B95A4 /* VisionPlaygroundPresenter.swift in Sources */ = {isa = PBXBuildFile; fileRef = B1FC89D829F5F8DA002B95A4 /* VisionPlaygroundPresenter.swift */; };
		B1FC89DB29F5FAC7002B95A4 /* VisionService.swift in Sources */ = {isa = PBXBuildFile; fileRef = B1FC89DA29F5FAC7002B95A4 /* VisionService.swift */; };
		B1FC89DD29F5FC97002B95A4 /* VisionModelStore.swift in Sources */ = {isa = PBXBuildFile; fileRef = B1FC89DC29F5FC97002B95A4 /* VisionModelStore.swift */; };
		B1FC89DF29F5FD7F002B95A4 /* VisionModel.swift in Sources */ = {isa = PBXBuildFile; fileRef = B1FC89DE29F5FD7F002B95A4 /* VisionModel.swift */; };
		B1FC89E129F8A64B002B95A4 /* InteractiveImage.swift in Sources */ = {isa = PBXBuildFile; fileRef = B1FC89E029F8A64B002B95A4 /* InteractiveImage.swift */; };
/* End PBXBuildFile section */

/* Begin PBXFileReference section */
		B1BFF27729E837B200185688 /* DiffusionPlaygroundSelectModelSheet.swift */ = {isa = PBXFileReference; lastKnownFileType = sourcecode.swift; path = DiffusionPlaygroundSelectModelSheet.swift; sourceTree = "<group>"; };
		B1BFF27929E9745F00185688 /* DiffusionModelConfiguration.swift */ = {isa = PBXFileReference; lastKnownFileType = sourcecode.swift; path = DiffusionModelConfiguration.swift; sourceTree = "<group>"; };
		B1BFF28529F0B44200185688 /* Sketch.storyboard */ = {isa = PBXFileReference; lastKnownFileType = file.storyboard; path = Sketch.storyboard; sourceTree = "<group>"; };
		B1BFF28B29F0B51400185688 /* SketchPresenter.swift */ = {isa = PBXFileReference; lastKnownFileType = sourcecode.swift; path = SketchPresenter.swift; sourceTree = "<group>"; };
		B1BFF28C29F0B51400185688 /* SketchViewController.swift */ = {isa = PBXFileReference; lastKnownFileType = sourcecode.swift; path = SketchViewController.swift; sourceTree = "<group>"; };
		B1BFF28F29F0B57E00185688 /* SketchView.swift */ = {isa = PBXFileReference; lastKnownFileType = sourcecode.swift; path = SketchView.swift; sourceTree = "<group>"; };
		B1BFF29129F0B5BC00185688 /* Sketch.swift */ = {isa = PBXFileReference; lastKnownFileType = sourcecode.swift; path = Sketch.swift; sourceTree = "<group>"; };
		B1DF266D29B808740047907E /* GenerativeArtWorkbench.app */ = {isa = PBXFileReference; explicitFileType = wrapper.application; includeInIndex = 0; path = GenerativeArtWorkbench.app; sourceTree = BUILT_PRODUCTS_DIR; };
		B1DF267029B808740047907E /* GenerativeArtWorkbenchApp.swift */ = {isa = PBXFileReference; lastKnownFileType = sourcecode.swift; path = GenerativeArtWorkbenchApp.swift; sourceTree = "<group>"; };
		B1DF267229B808740047907E /* ContentView.swift */ = {isa = PBXFileReference; lastKnownFileType = sourcecode.swift; path = ContentView.swift; sourceTree = "<group>"; };
		B1DF267429B808750047907E /* Assets.xcassets */ = {isa = PBXFileReference; lastKnownFileType = folder.assetcatalog; path = Assets.xcassets; sourceTree = "<group>"; };
		B1DF267729B808750047907E /* Preview Assets.xcassets */ = {isa = PBXFileReference; lastKnownFileType = folder.assetcatalog; path = "Preview Assets.xcassets"; sourceTree = "<group>"; };
		B1DF267E29B8CF170047907E /* DiffusionPlaygroundView.swift */ = {isa = PBXFileReference; lastKnownFileType = sourcecode.swift; path = DiffusionPlaygroundView.swift; sourceTree = "<group>"; };
		B1DF268029BA89D30047907E /* DiffusionService.swift */ = {isa = PBXFileReference; fileEncoding = 4; lastKnownFileType = sourcecode.swift; path = DiffusionService.swift; sourceTree = "<group>"; };
		B1DF268529BA8A530047907E /* DiffusionPlaygroundPresenter.swift */ = {isa = PBXFileReference; lastKnownFileType = sourcecode.swift; path = DiffusionPlaygroundPresenter.swift; sourceTree = "<group>"; };
		B1DF26A829C09ED10047907E /* UpscalingPlaygroundView.swift */ = {isa = PBXFileReference; lastKnownFileType = sourcecode.swift; path = UpscalingPlaygroundView.swift; sourceTree = "<group>"; };
		B1DF26AA29C09F5C0047907E /* UpscalingPlaygroundPresenter.swift */ = {isa = PBXFileReference; lastKnownFileType = sourcecode.swift; path = UpscalingPlaygroundPresenter.swift; sourceTree = "<group>"; };
		B1DF26B129C13DF90047907E /* ImageDropDelegate.swift */ = {isa = PBXFileReference; lastKnownFileType = sourcecode.swift; path = ImageDropDelegate.swift; sourceTree = "<group>"; };
		B1DF26B429C65EDC0047907E /* UpscalingService.swift */ = {isa = PBXFileReference; lastKnownFileType = sourcecode.swift; path = UpscalingService.swift; sourceTree = "<group>"; };
		B1DF26B729C6C4900047907E /* DiffusionModelStore.swift */ = {isa = PBXFileReference; lastKnownFileType = sourcecode.swift; path = DiffusionModelStore.swift; sourceTree = "<group>"; };
		B1DF26BD29C7348E0047907E /* SystemUtilities.swift */ = {isa = PBXFileReference; lastKnownFileType = sourcecode.swift; path = SystemUtilities.swift; sourceTree = "<group>"; };
		B1DF26BF29C737350047907E /* Info.plist */ = {isa = PBXFileReference; lastKnownFileType = text.plist; path = Info.plist; sourceTree = "<group>"; };
		B1EDC45E29C8562500E595E9 /* Binging+Extension.swift */ = {isa = PBXFileReference; lastKnownFileType = sourcecode.swift; path = "Binging+Extension.swift"; sourceTree = "<group>"; };
		B1EDC46229C89C3A00E595E9 /* DiffusionHistoryStore.swift */ = {isa = PBXFileReference; lastKnownFileType = sourcecode.swift; path = DiffusionHistoryStore.swift; sourceTree = "<group>"; };
		B1EDC46429C8A0ED00E595E9 /* DiffusionPlaygroundHistoryPresenter.swift */ = {isa = PBXFileReference; lastKnownFileType = sourcecode.swift; path = DiffusionPlaygroundHistoryPresenter.swift; sourceTree = "<group>"; };
		B1EDC46829CA738800E595E9 /* DiffusionModel.swift */ = {isa = PBXFileReference; lastKnownFileType = sourcecode.swift; path = DiffusionModel.swift; sourceTree = "<group>"; };
		B1EDC46A29CA761800E595E9 /* DiffusionRequest.swift */ = {isa = PBXFileReference; lastKnownFileType = sourcecode.swift; path = DiffusionRequest.swift; sourceTree = "<group>"; };
		B1EDC46C29CA78F700E595E9 /* DiffusionHistory.swift */ = {isa = PBXFileReference; lastKnownFileType = sourcecode.swift; path = DiffusionHistory.swift; sourceTree = "<group>"; };
		B1FB322629CD873E00364219 /* DiffusionPlaygroundHistoryView.swift */ = {isa = PBXFileReference; lastKnownFileType = sourcecode.swift; path = DiffusionPlaygroundHistoryView.swift; sourceTree = "<group>"; };
		B1FB322B29CFEA6700364219 /* CoreImagePlaygroundView.swift */ = {isa = PBXFileReference; lastKnownFileType = sourcecode.swift; path = CoreImagePlaygroundView.swift; sourceTree = "<group>"; };
		B1FB322D29CFEA7D00364219 /* CoreImagePlaygroundPresenter.swift */ = {isa = PBXFileReference; lastKnownFileType = sourcecode.swift; path = CoreImagePlaygroundPresenter.swift; sourceTree = "<group>"; };
		B1FB322F29CFEAF000364219 /* CGImage+Extension.swift */ = {isa = PBXFileReference; lastKnownFileType = sourcecode.swift; path = "CGImage+Extension.swift"; sourceTree = "<group>"; };
		B1FB323129D25C5700364219 /* FormSlider.swift */ = {isa = PBXFileReference; lastKnownFileType = sourcecode.swift; path = FormSlider.swift; sourceTree = "<group>"; };
		B1FB323329D25ED600364219 /* FormImagePicker.swift */ = {isa = PBXFileReference; lastKnownFileType = sourcecode.swift; path = FormImagePicker.swift; sourceTree = "<group>"; };
		B1FB323529D2669400364219 /* Vector4.swift */ = {isa = PBXFileReference; lastKnownFileType = sourcecode.swift; path = Vector4.swift; sourceTree = "<group>"; };
		B1FB323729D267E400364219 /* FormVectorField.swift */ = {isa = PBXFileReference; lastKnownFileType = sourcecode.swift; path = FormVectorField.swift; sourceTree = "<group>"; };
		B1FB323A29D475B600364219 /* Bridging-Header.h */ = {isa = PBXFileReference; lastKnownFileType = sourcecode.c.h; path = "Bridging-Header.h"; sourceTree = "<group>"; };
		B1FB323B29D475B700364219 /* NSObject+SafeKVC.m */ = {isa = PBXFileReference; lastKnownFileType = sourcecode.c.objc; path = "NSObject+SafeKVC.m"; sourceTree = "<group>"; };
		B1FB323D29D475EC00364219 /* NSObject+SafeKVC.h */ = {isa = PBXFileReference; lastKnownFileType = sourcecode.c.h; path = "NSObject+SafeKVC.h"; sourceTree = "<group>"; };
		B1FB323E29D47B6F00364219 /* ColorRGB.swift */ = {isa = PBXFileReference; lastKnownFileType = sourcecode.swift; path = ColorRGB.swift; sourceTree = "<group>"; };
		B1FB324029D47EF300364219 /* FormColorPicker.swift */ = {isa = PBXFileReference; lastKnownFileType = sourcecode.swift; path = FormColorPicker.swift; sourceTree = "<group>"; };
		B1FC89D229F494D4002B95A4 /* CircularProgressView.swift */ = {isa = PBXFileReference; lastKnownFileType = sourcecode.swift; path = CircularProgressView.swift; sourceTree = "<group>"; };
		B1FC89D429F4BB70002B95A4 /* README.md */ = {isa = PBXFileReference; lastKnownFileType = net.daringfireball.markdown; path = README.md; sourceTree = "<group>"; };
		B1FC89D629F5F8C9002B95A4 /* VisionPlaygroundView.swift */ = {isa = PBXFileReference; lastKnownFileType = sourcecode.swift; path = VisionPlaygroundView.swift; sourceTree = "<group>"; };
		B1FC89D829F5F8DA002B95A4 /* VisionPlaygroundPresenter.swift */ = {isa = PBXFileReference; lastKnownFileType = sourcecode.swift; path = VisionPlaygroundPresenter.swift; sourceTree = "<group>"; };
		B1FC89DA29F5FAC7002B95A4 /* VisionService.swift */ = {isa = PBXFileReference; lastKnownFileType = sourcecode.swift; path = VisionService.swift; sourceTree = "<group>"; };
		B1FC89DC29F5FC97002B95A4 /* VisionModelStore.swift */ = {isa = PBXFileReference; lastKnownFileType = sourcecode.swift; path = VisionModelStore.swift; sourceTree = "<group>"; };
		B1FC89DE29F5FD7F002B95A4 /* VisionModel.swift */ = {isa = PBXFileReference; lastKnownFileType = sourcecode.swift; path = VisionModel.swift; sourceTree = "<group>"; };
		B1FC89E029F8A64B002B95A4 /* InteractiveImage.swift */ = {isa = PBXFileReference; lastKnownFileType = sourcecode.swift; path = InteractiveImage.swift; sourceTree = "<group>"; };
/* End PBXFileReference section */

/* Begin PBXFrameworksBuildPhase section */
		B1DF266A29B808730047907E /* Frameworks */ = {
			isa = PBXFrameworksBuildPhase;
			buildActionMask = 2147483647;
			files = (
				B1DF26BB29C732C90047907E /* Dynamic in Frameworks */,
				B1BFF28329F0AEC600185688 /* StableDiffusion in Frameworks */,
				B1DF26AE29C0A38B0047907E /* CoreMLHelpers in Frameworks */,
				B1DF268929BA8B410047907E /* Steward in Frameworks */,
			);
			runOnlyForDeploymentPostprocessing = 0;
		};
/* End PBXFrameworksBuildPhase section */

/* Begin PBXGroup section */
		B1BFF28429F0B41600185688 /* Sketch */ = {
			isa = PBXGroup;
			children = (
				B1BFF28529F0B44200185688 /* Sketch.storyboard */,
				B1BFF28B29F0B51400185688 /* SketchPresenter.swift */,
				B1BFF28C29F0B51400185688 /* SketchViewController.swift */,
				B1BFF28F29F0B57E00185688 /* SketchView.swift */,
				B1BFF29129F0B5BC00185688 /* Sketch.swift */,
			);
			path = Sketch;
			sourceTree = "<group>";
		};
		B1DF266429B808730047907E = {
			isa = PBXGroup;
			children = (
				B1FC89D429F4BB70002B95A4 /* README.md */,
				B1DF266F29B808740047907E /* GenerativeArtWorkbench */,
				B1DF266E29B808740047907E /* Products */,
			);
			sourceTree = "<group>";
		};
		B1DF266E29B808740047907E /* Products */ = {
			isa = PBXGroup;
			children = (
				B1DF266D29B808740047907E /* GenerativeArtWorkbench.app */,
			);
			name = Products;
			sourceTree = "<group>";
		};
		B1DF266F29B808740047907E /* GenerativeArtWorkbench */ = {
			isa = PBXGroup;
			children = (
				B1DF26BF29C737350047907E /* Info.plist */,
				B1DF26AF29C13DC20047907E /* Presentation */,
				B1EDC46629CA736A00E595E9 /* Domain */,
				B1DF26B629C6C4810047907E /* Store */,
				B1FB323929D4759100364219 /* ObjC */,
				B1DF267029B808740047907E /* GenerativeArtWorkbenchApp.swift */,
				B1DF267429B808750047907E /* Assets.xcassets */,
				B1DF267629B808750047907E /* Preview Content */,
			);
			path = GenerativeArtWorkbench;
			sourceTree = "<group>";
		};
		B1DF267629B808750047907E /* Preview Content */ = {
			isa = PBXGroup;
			children = (
				B1DF267729B808750047907E /* Preview Assets.xcassets */,
			);
			path = "Preview Content";
			sourceTree = "<group>";
		};
		B1DF26AF29C13DC20047907E /* Presentation */ = {
			isa = PBXGroup;
			children = (
				B1EDC46029C897E800E595E9 /* Views */,
				B1DF26B029C13DCC0047907E /* Components */,
				B1EDC45D29C8560F00E595E9 /* Extensions */,
				B1DF26BC29C733170047907E /* Misc */,
			);
			path = Presentation;
			sourceTree = "<group>";
		};
		B1DF26B029C13DCC0047907E /* Components */ = {
			isa = PBXGroup;
			children = (
				B1BFF28429F0B41600185688 /* Sketch */,
				B1DF26B129C13DF90047907E /* ImageDropDelegate.swift */,
				B1FB323129D25C5700364219 /* FormSlider.swift */,
				B1FB323329D25ED600364219 /* FormImagePicker.swift */,
				B1FB323729D267E400364219 /* FormVectorField.swift */,
				B1FB324029D47EF300364219 /* FormColorPicker.swift */,
				B1FC89D229F494D4002B95A4 /* CircularProgressView.swift */,
				B1FC89E029F8A64B002B95A4 /* InteractiveImage.swift */,
			);
			path = Components;
			sourceTree = "<group>";
		};
		B1DF26B329C65EC10047907E /* Services */ = {
			isa = PBXGroup;
			children = (
				B1DF268029BA89D30047907E /* DiffusionService.swift */,
				B1DF26B429C65EDC0047907E /* UpscalingService.swift */,
				B1FC89DA29F5FAC7002B95A4 /* VisionService.swift */,
			);
			path = Services;
			sourceTree = "<group>";
		};
		B1DF26B629C6C4810047907E /* Store */ = {
			isa = PBXGroup;
			children = (
				B1DF26B729C6C4900047907E /* DiffusionModelStore.swift */,
				B1EDC46229C89C3A00E595E9 /* DiffusionHistoryStore.swift */,
				B1FC89DC29F5FC97002B95A4 /* VisionModelStore.swift */,
			);
			path = Store;
			sourceTree = "<group>";
		};
		B1DF26BC29C733170047907E /* Misc */ = {
			isa = PBXGroup;
			children = (
				B1DF26BD29C7348E0047907E /* SystemUtilities.swift */,
			);
			path = Misc;
			sourceTree = "<group>";
		};
		B1EDC45D29C8560F00E595E9 /* Extensions */ = {
			isa = PBXGroup;
			children = (
				B1EDC45E29C8562500E595E9 /* Binging+Extension.swift */,
				B1FB322F29CFEAF000364219 /* CGImage+Extension.swift */,
			);
			path = Extensions;
			sourceTree = "<group>";
		};
		B1EDC46029C897E800E595E9 /* Views */ = {
			isa = PBXGroup;
			children = (
				B1EDC46129C897F300E595E9 /* Playground */,
				B1DF267229B808740047907E /* ContentView.swift */,
			);
			path = Views;
			sourceTree = "<group>";
		};
		B1EDC46129C897F300E595E9 /* Playground */ = {
			isa = PBXGroup;
			children = (
				B1FC89D529F5F8B2002B95A4 /* Vision */,
				B1FB322A29CFEA5400364219 /* CoreImage */,
				B1FB322829CD874800364219 /* Diffusion */,
				B1FB322929CFEA4800364219 /* Upscaling */,
			);
			path = Playground;
			sourceTree = "<group>";
		};
		B1EDC46629CA736A00E595E9 /* Domain */ = {
			isa = PBXGroup;
			children = (
				B1EDC46729CA737400E595E9 /* Models */,
				B1DF26B329C65EC10047907E /* Services */,
			);
			path = Domain;
			sourceTree = "<group>";
		};
		B1EDC46729CA737400E595E9 /* Models */ = {
			isa = PBXGroup;
			children = (
				B1EDC46829CA738800E595E9 /* DiffusionModel.swift */,
				B1EDC46A29CA761800E595E9 /* DiffusionRequest.swift */,
				B1EDC46C29CA78F700E595E9 /* DiffusionHistory.swift */,
				B1FB323529D2669400364219 /* Vector4.swift */,
				B1FB323E29D47B6F00364219 /* ColorRGB.swift */,
				B1BFF27929E9745F00185688 /* DiffusionModelConfiguration.swift */,
				B1FC89DE29F5FD7F002B95A4 /* VisionModel.swift */,
			);
			path = Models;
			sourceTree = "<group>";
		};
		B1FB322829CD874800364219 /* Diffusion */ = {
			isa = PBXGroup;
			children = (
				B1DF267E29B8CF170047907E /* DiffusionPlaygroundView.swift */,
				B1DF268529BA8A530047907E /* DiffusionPlaygroundPresenter.swift */,
				B1FB322629CD873E00364219 /* DiffusionPlaygroundHistoryView.swift */,
				B1EDC46429C8A0ED00E595E9 /* DiffusionPlaygroundHistoryPresenter.swift */,
				B1BFF27729E837B200185688 /* DiffusionPlaygroundSelectModelSheet.swift */,
			);
			path = Diffusion;
			sourceTree = "<group>";
		};
		B1FB322929CFEA4800364219 /* Upscaling */ = {
			isa = PBXGroup;
			children = (
				B1DF26A829C09ED10047907E /* UpscalingPlaygroundView.swift */,
				B1DF26AA29C09F5C0047907E /* UpscalingPlaygroundPresenter.swift */,
			);
			path = Upscaling;
			sourceTree = "<group>";
		};
		B1FB322A29CFEA5400364219 /* CoreImage */ = {
			isa = PBXGroup;
			children = (
				B1FB322B29CFEA6700364219 /* CoreImagePlaygroundView.swift */,
				B1FB322D29CFEA7D00364219 /* CoreImagePlaygroundPresenter.swift */,
			);
			path = CoreImage;
			sourceTree = "<group>";
		};
		B1FB323929D4759100364219 /* ObjC */ = {
			isa = PBXGroup;
			children = (
				B1FB323A29D475B600364219 /* Bridging-Header.h */,
				B1FB323D29D475EC00364219 /* NSObject+SafeKVC.h */,
				B1FB323B29D475B700364219 /* NSObject+SafeKVC.m */,
			);
			path = ObjC;
			sourceTree = "<group>";
		};
		B1FC89D529F5F8B2002B95A4 /* Vision */ = {
			isa = PBXGroup;
			children = (
				B1FC89D629F5F8C9002B95A4 /* VisionPlaygroundView.swift */,
				B1FC89D829F5F8DA002B95A4 /* VisionPlaygroundPresenter.swift */,
			);
			path = Vision;
			sourceTree = "<group>";
		};
/* End PBXGroup section */

/* Begin PBXNativeTarget section */
		B1DF266C29B808730047907E /* GenerativeArtWorkbench */ = {
			isa = PBXNativeTarget;
			buildConfigurationList = B1DF267B29B808750047907E /* Build configuration list for PBXNativeTarget "GenerativeArtWorkbench" */;
			buildPhases = (
				B1DF266929B808730047907E /* Sources */,
				B1DF266A29B808730047907E /* Frameworks */,
				B1DF266B29B808730047907E /* Resources */,
			);
			buildRules = (
			);
			dependencies = (
			);
			name = GenerativeArtWorkbench;
			packageProductDependencies = (
				B1DF268829BA8B410047907E /* Steward */,
				B1DF26AD29C0A38B0047907E /* CoreMLHelpers */,
				B1DF26BA29C732C90047907E /* Dynamic */,
				B1BFF28229F0AEC600185688 /* StableDiffusion */,
			);
			productName = GenerativeArtWorkbench;
			productReference = B1DF266D29B808740047907E /* GenerativeArtWorkbench.app */;
			productType = "com.apple.product-type.application";
		};
/* End PBXNativeTarget section */

/* Begin PBXProject section */
		B1DF266529B808730047907E /* Project object */ = {
			isa = PBXProject;
			attributes = {
				BuildIndependentTargetsInParallel = 1;
				LastSwiftUpdateCheck = 1420;
				LastUpgradeCheck = 1420;
				TargetAttributes = {
					B1DF266C29B808730047907E = {
						CreatedOnToolsVersion = 14.2;
						LastSwiftMigration = 1420;
					};
				};
			};
			buildConfigurationList = B1DF266829B808730047907E /* Build configuration list for PBXProject "GenerativeArtWorkbench" */;
			compatibilityVersion = "Xcode 14.0";
			developmentRegion = en;
			hasScannedForEncodings = 0;
			knownRegions = (
				en,
				Base,
			);
			mainGroup = B1DF266429B808730047907E;
			packageReferences = (
				B1DF268729BA8B410047907E /* XCRemoteSwiftPackageReference "Steward" */,
				B1DF26AC29C0A38B0047907E /* XCRemoteSwiftPackageReference "CoreMLHelpers" */,
				B1DF26B929C732C90047907E /* XCRemoteSwiftPackageReference "Dynamic" */,
				B1BFF28129F0AEC600185688 /* XCRemoteSwiftPackageReference "ml-stable-diffusion" */,
			);
			productRefGroup = B1DF266E29B808740047907E /* Products */;
			projectDirPath = "";
			projectRoot = "";
			targets = (
				B1DF266C29B808730047907E /* GenerativeArtWorkbench */,
			);
		};
/* End PBXProject section */

/* Begin PBXResourcesBuildPhase section */
		B1DF266B29B808730047907E /* Resources */ = {
			isa = PBXResourcesBuildPhase;
			buildActionMask = 2147483647;
			files = (
				B1DF267829B808750047907E /* Preview Assets.xcassets in Resources */,
				B1BFF28629F0B44200185688 /* Sketch.storyboard in Resources */,
				B1DF267529B808750047907E /* Assets.xcassets in Resources */,
			);
			runOnlyForDeploymentPostprocessing = 0;
		};
/* End PBXResourcesBuildPhase section */

/* Begin PBXSourcesBuildPhase section */
		B1DF266929B808730047907E /* Sources */ = {
			isa = PBXSourcesBuildPhase;
			buildActionMask = 2147483647;
			files = (
				B1FC89DD29F5FC97002B95A4 /* VisionModelStore.swift in Sources */,
				B1DF26BE29C7348E0047907E /* SystemUtilities.swift in Sources */,
				B1BFF28D29F0B51400185688 /* SketchPresenter.swift in Sources */,
				B1EDC46B29CA761800E595E9 /* DiffusionRequest.swift in Sources */,
				B1FC89D329F494D4002B95A4 /* CircularProgressView.swift in Sources */,
				B1EDC46329C89C3A00E595E9 /* DiffusionHistoryStore.swift in Sources */,
				B1DF26B529C65EDC0047907E /* UpscalingService.swift in Sources */,
				B1DF26AB29C09F5C0047907E /* UpscalingPlaygroundPresenter.swift in Sources */,
				B1FB323029CFEAF000364219 /* CGImage+Extension.swift in Sources */,
				B1DF267329B808740047907E /* ContentView.swift in Sources */,
				B1DF268629BA8A530047907E /* DiffusionPlaygroundPresenter.swift in Sources */,
				B1FB323829D267E400364219 /* FormVectorField.swift in Sources */,
				B1FB323229D25C5700364219 /* FormSlider.swift in Sources */,
				B1DF26A929C09ED10047907E /* UpscalingPlaygroundView.swift in Sources */,
				B1FB323629D2669400364219 /* Vector4.swift in Sources */,
				B1DF268129BA89D40047907E /* DiffusionService.swift in Sources */,
				B1FB323C29D475B700364219 /* NSObject+SafeKVC.m in Sources */,
				B1FC89E129F8A64B002B95A4 /* InteractiveImage.swift in Sources */,
				B1FB323429D25ED600364219 /* FormImagePicker.swift in Sources */,
				B1FC89DB29F5FAC7002B95A4 /* VisionService.swift in Sources */,
				B1BFF29029F0B57E00185688 /* SketchView.swift in Sources */,
				B1BFF29229F0B5BC00185688 /* Sketch.swift in Sources */,
				B1DF26B229C13DF90047907E /* ImageDropDelegate.swift in Sources */,
				B1EDC45F29C8562500E595E9 /* Binging+Extension.swift in Sources */,
				B1FB323F29D47B6F00364219 /* ColorRGB.swift in Sources */,
				B1BFF27A29E9745F00185688 /* DiffusionModelConfiguration.swift in Sources */,
				B1DF26B829C6C4900047907E /* DiffusionModelStore.swift in Sources */,
				B1EDC46929CA738800E595E9 /* DiffusionModel.swift in Sources */,
				B1BFF28E29F0B51400185688 /* SketchViewController.swift in Sources */,
				B1BFF27829E837B200185688 /* DiffusionPlaygroundSelectModelSheet.swift in Sources */,
				B1FC89D729F5F8C9002B95A4 /* VisionPlaygroundView.swift in Sources */,
				B1FB322C29CFEA6700364219 /* CoreImagePlaygroundView.swift in Sources */,
				B1FB322E29CFEA7D00364219 /* CoreImagePlaygroundPresenter.swift in Sources */,
				B1DF267F29B8CF170047907E /* DiffusionPlaygroundView.swift in Sources */,
				B1FB322729CD873E00364219 /* DiffusionPlaygroundHistoryView.swift in Sources */,
				B1EDC46529C8A0ED00E595E9 /* DiffusionPlaygroundHistoryPresenter.swift in Sources */,
				B1FC89D929F5F8DA002B95A4 /* VisionPlaygroundPresenter.swift in Sources */,
				B1FB324129D47EF300364219 /* FormColorPicker.swift in Sources */,
				B1FC89DF29F5FD7F002B95A4 /* VisionModel.swift in Sources */,
				B1DF267129B808740047907E /* GenerativeArtWorkbenchApp.swift in Sources */,
				B1EDC46D29CA78F700E595E9 /* DiffusionHistory.swift in Sources */,
			);
			runOnlyForDeploymentPostprocessing = 0;
		};
/* End PBXSourcesBuildPhase section */

/* Begin XCBuildConfiguration section */
		B1DF267929B808750047907E /* Debug */ = {
			isa = XCBuildConfiguration;
			buildSettings = {
				ALWAYS_SEARCH_USER_PATHS = NO;
				CLANG_ANALYZER_NONNULL = YES;
				CLANG_ANALYZER_NUMBER_OBJECT_CONVERSION = YES_AGGRESSIVE;
				CLANG_CXX_LANGUAGE_STANDARD = "gnu++20";
				CLANG_ENABLE_MODULES = YES;
				CLANG_ENABLE_OBJC_ARC = YES;
				CLANG_ENABLE_OBJC_WEAK = YES;
				CLANG_WARN_BLOCK_CAPTURE_AUTORELEASING = YES;
				CLANG_WARN_BOOL_CONVERSION = YES;
				CLANG_WARN_COMMA = YES;
				CLANG_WARN_CONSTANT_CONVERSION = YES;
				CLANG_WARN_DEPRECATED_OBJC_IMPLEMENTATIONS = YES;
				CLANG_WARN_DIRECT_OBJC_ISA_USAGE = YES_ERROR;
				CLANG_WARN_DOCUMENTATION_COMMENTS = YES;
				CLANG_WARN_EMPTY_BODY = YES;
				CLANG_WARN_ENUM_CONVERSION = YES;
				CLANG_WARN_INFINITE_RECURSION = YES;
				CLANG_WARN_INT_CONVERSION = YES;
				CLANG_WARN_NON_LITERAL_NULL_CONVERSION = YES;
				CLANG_WARN_OBJC_IMPLICIT_RETAIN_SELF = YES;
				CLANG_WARN_OBJC_LITERAL_CONVERSION = YES;
				CLANG_WARN_OBJC_ROOT_CLASS = YES_ERROR;
				CLANG_WARN_QUOTED_INCLUDE_IN_FRAMEWORK_HEADER = YES;
				CLANG_WARN_RANGE_LOOP_ANALYSIS = YES;
				CLANG_WARN_STRICT_PROTOTYPES = YES;
				CLANG_WARN_SUSPICIOUS_MOVE = YES;
				CLANG_WARN_UNGUARDED_AVAILABILITY = YES_AGGRESSIVE;
				CLANG_WARN_UNREACHABLE_CODE = YES;
				CLANG_WARN__DUPLICATE_METHOD_MATCH = YES;
				COPY_PHASE_STRIP = NO;
				DEBUG_INFORMATION_FORMAT = dwarf;
				ENABLE_STRICT_OBJC_MSGSEND = YES;
				ENABLE_TESTABILITY = YES;
				GCC_C_LANGUAGE_STANDARD = gnu11;
				GCC_DYNAMIC_NO_PIC = NO;
				GCC_NO_COMMON_BLOCKS = YES;
				GCC_OPTIMIZATION_LEVEL = 0;
				GCC_PREPROCESSOR_DEFINITIONS = (
					"DEBUG=1",
					"$(inherited)",
				);
				GCC_WARN_64_TO_32_BIT_CONVERSION = YES;
				GCC_WARN_ABOUT_RETURN_TYPE = YES_ERROR;
				GCC_WARN_UNDECLARED_SELECTOR = YES;
				GCC_WARN_UNINITIALIZED_AUTOS = YES_AGGRESSIVE;
				GCC_WARN_UNUSED_FUNCTION = YES;
				GCC_WARN_UNUSED_VARIABLE = YES;
				IPHONEOS_DEPLOYMENT_TARGET = 16.2;
				MTL_ENABLE_DEBUG_INFO = INCLUDE_SOURCE;
				MTL_FAST_MATH = YES;
				ONLY_ACTIVE_ARCH = YES;
				SDKROOT = iphoneos;
				SWIFT_ACTIVE_COMPILATION_CONDITIONS = DEBUG;
				SWIFT_OPTIMIZATION_LEVEL = "-Onone";
			};
			name = Debug;
		};
		B1DF267A29B808750047907E /* Release */ = {
			isa = XCBuildConfiguration;
			buildSettings = {
				ALWAYS_SEARCH_USER_PATHS = NO;
				CLANG_ANALYZER_NONNULL = YES;
				CLANG_ANALYZER_NUMBER_OBJECT_CONVERSION = YES_AGGRESSIVE;
				CLANG_CXX_LANGUAGE_STANDARD = "gnu++20";
				CLANG_ENABLE_MODULES = YES;
				CLANG_ENABLE_OBJC_ARC = YES;
				CLANG_ENABLE_OBJC_WEAK = YES;
				CLANG_WARN_BLOCK_CAPTURE_AUTORELEASING = YES;
				CLANG_WARN_BOOL_CONVERSION = YES;
				CLANG_WARN_COMMA = YES;
				CLANG_WARN_CONSTANT_CONVERSION = YES;
				CLANG_WARN_DEPRECATED_OBJC_IMPLEMENTATIONS = YES;
				CLANG_WARN_DIRECT_OBJC_ISA_USAGE = YES_ERROR;
				CLANG_WARN_DOCUMENTATION_COMMENTS = YES;
				CLANG_WARN_EMPTY_BODY = YES;
				CLANG_WARN_ENUM_CONVERSION = YES;
				CLANG_WARN_INFINITE_RECURSION = YES;
				CLANG_WARN_INT_CONVERSION = YES;
				CLANG_WARN_NON_LITERAL_NULL_CONVERSION = YES;
				CLANG_WARN_OBJC_IMPLICIT_RETAIN_SELF = YES;
				CLANG_WARN_OBJC_LITERAL_CONVERSION = YES;
				CLANG_WARN_OBJC_ROOT_CLASS = YES_ERROR;
				CLANG_WARN_QUOTED_INCLUDE_IN_FRAMEWORK_HEADER = YES;
				CLANG_WARN_RANGE_LOOP_ANALYSIS = YES;
				CLANG_WARN_STRICT_PROTOTYPES = YES;
				CLANG_WARN_SUSPICIOUS_MOVE = YES;
				CLANG_WARN_UNGUARDED_AVAILABILITY = YES_AGGRESSIVE;
				CLANG_WARN_UNREACHABLE_CODE = YES;
				CLANG_WARN__DUPLICATE_METHOD_MATCH = YES;
				COPY_PHASE_STRIP = NO;
				DEBUG_INFORMATION_FORMAT = "dwarf-with-dsym";
				ENABLE_NS_ASSERTIONS = NO;
				ENABLE_STRICT_OBJC_MSGSEND = YES;
				GCC_C_LANGUAGE_STANDARD = gnu11;
				GCC_NO_COMMON_BLOCKS = YES;
				GCC_WARN_64_TO_32_BIT_CONVERSION = YES;
				GCC_WARN_ABOUT_RETURN_TYPE = YES_ERROR;
				GCC_WARN_UNDECLARED_SELECTOR = YES;
				GCC_WARN_UNINITIALIZED_AUTOS = YES_AGGRESSIVE;
				GCC_WARN_UNUSED_FUNCTION = YES;
				GCC_WARN_UNUSED_VARIABLE = YES;
				IPHONEOS_DEPLOYMENT_TARGET = 16.2;
				MTL_ENABLE_DEBUG_INFO = NO;
				MTL_FAST_MATH = YES;
				SDKROOT = iphoneos;
				SWIFT_COMPILATION_MODE = wholemodule;
				SWIFT_OPTIMIZATION_LEVEL = "-O";
				VALIDATE_PRODUCT = YES;
			};
			name = Release;
		};
		B1DF267C29B808750047907E /* Debug */ = {
			isa = XCBuildConfiguration;
			buildSettings = {
				ASSETCATALOG_COMPILER_APPICON_NAME = AppIcon;
				ASSETCATALOG_COMPILER_GLOBAL_ACCENT_COLOR_NAME = AccentColor;
				CLANG_ENABLE_MODULES = YES;
				CODE_SIGN_STYLE = Automatic;
				CURRENT_PROJECT_VERSION = 1;
				DEVELOPMENT_ASSET_PATHS = "\"GenerativeArtWorkbench/Preview Content\"";
				DEVELOPMENT_TEAM = 427QQ329ZX;
				ENABLE_PREVIEWS = YES;
				GENERATE_INFOPLIST_FILE = YES;
				INFOPLIST_FILE = GenerativeArtWorkbench/Info.plist;
				INFOPLIST_KEY_LSSupportsOpeningDocumentsInPlace = YES;
				INFOPLIST_KEY_UIApplicationSceneManifest_Generation = YES;
				INFOPLIST_KEY_UIApplicationSupportsIndirectInputEvents = YES;
				INFOPLIST_KEY_UILaunchScreen_Generation = YES;
				INFOPLIST_KEY_UISupportedInterfaceOrientations_iPad = "UIInterfaceOrientationPortrait UIInterfaceOrientationPortraitUpsideDown UIInterfaceOrientationLandscapeLeft UIInterfaceOrientationLandscapeRight";
				INFOPLIST_KEY_UISupportedInterfaceOrientations_iPhone = "UIInterfaceOrientationPortrait UIInterfaceOrientationLandscapeLeft UIInterfaceOrientationLandscapeRight";
				LD_RUNPATH_SEARCH_PATHS = (
					"$(inherited)",
					"@executable_path/Frameworks",
				);
				MARKETING_VERSION = 1.0;
				PRODUCT_BUNDLE_IDENTIFIER = co.imk2o.GenerativeArtWorkbench;
				PRODUCT_NAME = "$(TARGET_NAME)";
				SWIFT_EMIT_LOC_STRINGS = YES;
				SWIFT_OBJC_BRIDGING_HEADER = "GenerativeArtWorkbench/ObjC/Bridging-Header.h";
				SWIFT_OPTIMIZATION_LEVEL = "-Onone";
				SWIFT_VERSION = 5.0;
				TARGETED_DEVICE_FAMILY = "1,2";
			};
			name = Debug;
		};
		B1DF267D29B808750047907E /* Release */ = {
			isa = XCBuildConfiguration;
			buildSettings = {
				ASSETCATALOG_COMPILER_APPICON_NAME = AppIcon;
				ASSETCATALOG_COMPILER_GLOBAL_ACCENT_COLOR_NAME = AccentColor;
				CLANG_ENABLE_MODULES = YES;
				CODE_SIGN_STYLE = Automatic;
				CURRENT_PROJECT_VERSION = 1;
				DEVELOPMENT_ASSET_PATHS = "\"GenerativeArtWorkbench/Preview Content\"";
				DEVELOPMENT_TEAM = 427QQ329ZX;
				ENABLE_PREVIEWS = YES;
				GENERATE_INFOPLIST_FILE = YES;
				INFOPLIST_FILE = GenerativeArtWorkbench/Info.plist;
				INFOPLIST_KEY_LSSupportsOpeningDocumentsInPlace = YES;
				INFOPLIST_KEY_UIApplicationSceneManifest_Generation = YES;
				INFOPLIST_KEY_UIApplicationSupportsIndirectInputEvents = YES;
				INFOPLIST_KEY_UILaunchScreen_Generation = YES;
				INFOPLIST_KEY_UISupportedInterfaceOrientations_iPad = "UIInterfaceOrientationPortrait UIInterfaceOrientationPortraitUpsideDown UIInterfaceOrientationLandscapeLeft UIInterfaceOrientationLandscapeRight";
				INFOPLIST_KEY_UISupportedInterfaceOrientations_iPhone = "UIInterfaceOrientationPortrait UIInterfaceOrientationLandscapeLeft UIInterfaceOrientationLandscapeRight";
				LD_RUNPATH_SEARCH_PATHS = (
					"$(inherited)",
					"@executable_path/Frameworks",
				);
				MARKETING_VERSION = 1.0;
				PRODUCT_BUNDLE_IDENTIFIER = co.imk2o.GenerativeArtWorkbench;
				PRODUCT_NAME = "$(TARGET_NAME)";
				SWIFT_EMIT_LOC_STRINGS = YES;
				SWIFT_OBJC_BRIDGING_HEADER = "GenerativeArtWorkbench/ObjC/Bridging-Header.h";
				SWIFT_VERSION = 5.0;
				TARGETED_DEVICE_FAMILY = "1,2";
			};
			name = Release;
		};
/* End XCBuildConfiguration section */

/* Begin XCConfigurationList section */
		B1DF266829B808730047907E /* Build configuration list for PBXProject "GenerativeArtWorkbench" */ = {
			isa = XCConfigurationList;
			buildConfigurations = (
				B1DF267929B808750047907E /* Debug */,
				B1DF267A29B808750047907E /* Release */,
			);
			defaultConfigurationIsVisible = 0;
			defaultConfigurationName = Release;
		};
		B1DF267B29B808750047907E /* Build configuration list for PBXNativeTarget "GenerativeArtWorkbench" */ = {
			isa = XCConfigurationList;
			buildConfigurations = (
				B1DF267C29B808750047907E /* Debug */,
				B1DF267D29B808750047907E /* Release */,
			);
			defaultConfigurationIsVisible = 0;
			defaultConfigurationName = Release;
		};
/* End XCConfigurationList section */

/* Begin XCRemoteSwiftPackageReference section */
		B1BFF28129F0AEC600185688 /* XCRemoteSwiftPackageReference "ml-stable-diffusion" */ = {
			isa = XCRemoteSwiftPackageReference;
			repositoryURL = "https://github.com/apple/ml-stable-diffusion";
			requirement = {
				branch = main;
				kind = branch;
			};
		};
		B1DF268729BA8B410047907E /* XCRemoteSwiftPackageReference "Steward" */ = {
			isa = XCRemoteSwiftPackageReference;
			repositoryURL = "https://github.com/imk2o/Steward.git";
			requirement = {
				branch = develop;
				kind = branch;
			};
		};
		B1DF26AC29C0A38B0047907E /* XCRemoteSwiftPackageReference "CoreMLHelpers" */ = {
			isa = XCRemoteSwiftPackageReference;
			repositoryURL = "https://github.com/rodrigoatbcl/CoreMLHelpers";
			requirement = {
				branch = master;
				kind = branch;
			};
		};
		B1DF26B929C732C90047907E /* XCRemoteSwiftPackageReference "Dynamic" */ = {
			isa = XCRemoteSwiftPackageReference;
			repositoryURL = "https://github.com/mhdhejazi/Dynamic.git";
			requirement = {
				kind = upToNextMinorVersion;
				minimumVersion = 1.2.0;
			};
		};
/* End XCRemoteSwiftPackageReference section */

/* Begin XCSwiftPackageProductDependency section */
		B1BFF28229F0AEC600185688 /* StableDiffusion */ = {
			isa = XCSwiftPackageProductDependency;
			package = B1BFF28129F0AEC600185688 /* XCRemoteSwiftPackageReference "ml-stable-diffusion" */;
			productName = StableDiffusion;
		};
		B1DF268829BA8B410047907E /* Steward */ = {
			isa = XCSwiftPackageProductDependency;
			package = B1DF268729BA8B410047907E /* XCRemoteSwiftPackageReference "Steward" */;
			productName = Steward;
		};
		B1DF26AD29C0A38B0047907E /* CoreMLHelpers */ = {
			isa = XCSwiftPackageProductDependency;
			package = B1DF26AC29C0A38B0047907E /* XCRemoteSwiftPackageReference "CoreMLHelpers" */;
			productName = CoreMLHelpers;
		};
		B1DF26BA29C732C90047907E /* Dynamic */ = {
			isa = XCSwiftPackageProductDependency;
			package = B1DF26B929C732C90047907E /* XCRemoteSwiftPackageReference "Dynamic" */;
			productName = Dynamic;
		};
/* End XCSwiftPackageProductDependency section */
	};
	rootObject = B1DF266529B808730047907E /* Project object */;
}
